
Microsoft Visual Studio Solution File, Format Version 12.00
# Visual Studio Version 17
VisualStudioVersion = 17.4.33213.308
MinimumVisualStudioVersion = 10.0.40219.1
Project("{9A19103F-16F7-4668-BE54-9A1E7A4F7556}") = "Summator", "Summator\Summator.csproj", "{41CBF570-D849-4846-9892-E9CC5BA7ACE8}"
EndProject
Project("{FAE04EC0-301F-11D3-BF4B-00C04F79EFBC}") = "Summator.UnitTests", "Summator.UnitTests\Summator.UnitTests.csproj", "{91BC17C9-69B8-43EE-A9CD-BB5258BE5E4F}"
EndProject
Global
	GlobalSection(SolutionConfigurationPlatforms) = preSolution
		Debug|Any CPU = Debug|Any CPU
		Release|Any CPU = Release|Any CPU
	EndGlobalSection
	GlobalSection(ProjectConfigurationPlatforms) = postSolution
		{41CBF570-D849-4846-9892-E9CC5BA7ACE8}.Debug|Any CPU.ActiveCfg = Debug|Any CPU
		{41CBF570-D849-4846-9892-E9CC5BA7ACE8}.Debug|Any CPU.Build.0 = Debug|Any CPU
		{41CBF570-D849-4846-9892-E9CC5BA7ACE8}.Release|Any CPU.ActiveCfg = Release|Any CPU
		{41CBF570-D849-4846-9892-E9CC5BA7ACE8}.Release|Any CPU.Build.0 = Release|Any CPU
		{91BC17C9-69B8-43EE-A9CD-BB5258BE5E4F}.Debug|Any CPU.ActiveCfg = Debug|Any CPU
		{91BC17C9-69B8-43EE-A9CD-BB5258BE5E4F}.Debug|Any CPU.Build.0 = Debug|Any CPU
		{91BC17C9-69B8-43EE-A9CD-BB5258BE5E4F}.Release|Any CPU.ActiveCfg = Release|Any CPU
		{91BC17C9-69B8-43EE-A9CD-BB5258BE5E4F}.Release|Any CPU.Build.0 = Release|Any CPU
	EndGlobalSection
	GlobalSection(SolutionProperties) = preSolution
		HideSolutionNode = FALSE
	EndGlobalSection
	GlobalSection(ExtensibilityGlobals) = postSolution
		SolutionGuid = {DA5143DB-C49B-47B6-9986-6AFE1F479E61}
	EndGlobalSection
EndGlobal
